
Microsoft Visual Studio Solution File, Format Version 12.00
# Visual Studio Version 17
VisualStudioVersion = 17.14.36414.22 d17.14
MinimumVisualStudioVersion = 10.0.40219.1
Project("{FAE04EC0-301F-11D3-BF4B-00C04F79EFBC}") = "CloverTest1", "CloverTest1\CloverTest1.csproj", "{9DC6F37E-4515-4F6C-9AFA-645B8E66D0AD}"
EndProject
Global
	GlobalSection(SolutionConfigurationPlatforms) = preSolution
		Debug|Any CPU = Debug|Any CPU
		Release|Any CPU = Release|Any CPU
	EndGlobalSection
	GlobalSection(ProjectConfigurationPlatforms) = postSolution
		{9DC6F37E-4515-4F6C-9AFA-645B8E66D0AD}.Debug|Any CPU.ActiveCfg = Debug|Any CPU
		{9DC6F37E-4515-4F6C-9AFA-645B8E66D0AD}.Debug|Any CPU.Build.0 = Debug|Any CPU
		{9DC6F37E-4515-4F6C-9AFA-645B8E66D0AD}.Release|Any CPU.ActiveCfg = Release|Any CPU
		{9DC6F37E-4515-4F6C-9AFA-645B8E66D0AD}.Release|Any CPU.Build.0 = Release|Any CPU
	EndGlobalSection
	GlobalSection(SolutionProperties) = preSolution
		HideSolutionNode = FALSE
	EndGlobalSection
	GlobalSection(ExtensibilityGlobals) = postSolution
		SolutionGuid = {5283141D-21E5-4571-A9AA-D2746B186FA2}
	EndGlobalSection
EndGlobal
